
Microsoft Visual Studio Solution File, Format Version 12.00
# Visual Studio Version 16
VisualStudioVersion = 16.0.29709.97
MinimumVisualStudioVersion = 10.0.40219.1
Project("{FAE04EC0-301F-11D3-BF4B-00C04F79EFBC}") = "Promama_Fase1", "Promama_Fase1.csproj", "{1E1CF199-9608-4868-9102-8EB809048440}"
EndProject
Global
	GlobalSection(SolutionConfigurationPlatforms) = preSolution
		Debug|Any CPU = Debug|Any CPU
		Release|Any CPU = Release|Any CPU
	EndGlobalSection
	GlobalSection(ProjectConfigurationPlatforms) = postSolution
		{1E1CF199-9608-4868-9102-8EB809048440}.Debug|Any CPU.ActiveCfg = Debug|Any CPU
		{1E1CF199-9608-4868-9102-8EB809048440}.Debug|Any CPU.Build.0 = Debug|Any CPU
		{1E1CF199-9608-4868-9102-8EB809048440}.Release|Any CPU.ActiveCfg = Release|Any CPU
		{1E1CF199-9608-4868-9102-8EB809048440}.Release|Any CPU.Build.0 = Release|Any CPU
	EndGlobalSection
	GlobalSection(SolutionProperties) = preSolution
		HideSolutionNode = FALSE
	EndGlobalSection
	GlobalSection(ExtensibilityGlobals) = postSolution
		SolutionGuid = {8171A84E-456F-4834-A689-8DE18F35A988}
	EndGlobalSection
EndGlobal
